
Microsoft Visual Studio Solution File, Format Version 12.00
# Visual Studio Version 16
VisualStudioVersion = 16.0.31205.134
MinimumVisualStudioVersion = 10.0.40219.1
Project("{9A19103F-16F7-4668-BE54-9A1E7A4F7556}") = "DataStructuresAssignment", "DataStructuresAssignment.csproj", "{3D8FAA52-68F0-4695-851A-393F8FEBDADF}"
EndProject
Project("{FAE04EC0-301F-11D3-BF4B-00C04F79EFBC}") = "DataStructuresAssignmentTests", "..\DataStructuresAssignmentTests\DataStructuresAssignmentTests.csproj", "{01B1AB3C-0868-4B09-BF4C-970263DA9029}"
EndProject
Global
	GlobalSection(SolutionConfigurationPlatforms) = preSolution
		Debug|Any CPU = Debug|Any CPU
		Release|Any CPU = Release|Any CPU
	EndGlobalSection
	GlobalSection(ProjectConfigurationPlatforms) = postSolution
		{3D8FAA52-68F0-4695-851A-393F8FEBDADF}.Debug|Any CPU.ActiveCfg = Debug|Any CPU
		{3D8FAA52-68F0-4695-851A-393F8FEBDADF}.Debug|Any CPU.Build.0 = Debug|Any CPU
		{3D8FAA52-68F0-4695-851A-393F8FEBDADF}.Release|Any CPU.ActiveCfg = Release|Any CPU
		{3D8FAA52-68F0-4695-851A-393F8FEBDADF}.Release|Any CPU.Build.0 = Release|Any CPU
		{01B1AB3C-0868-4B09-BF4C-970263DA9029}.Debug|Any CPU.ActiveCfg = Debug|Any CPU
		{01B1AB3C-0868-4B09-BF4C-970263DA9029}.Debug|Any CPU.Build.0 = Debug|Any CPU
		{01B1AB3C-0868-4B09-BF4C-970263DA9029}.Release|Any CPU.ActiveCfg = Release|Any CPU
		{01B1AB3C-0868-4B09-BF4C-970263DA9029}.Release|Any CPU.Build.0 = Release|Any CPU
	EndGlobalSection
	GlobalSection(SolutionProperties) = preSolution
		HideSolutionNode = FALSE
	EndGlobalSection
	GlobalSection(ExtensibilityGlobals) = postSolution
		SolutionGuid = {4E25F859-4F6F-40A9-9647-EED0DB3721FF}
	EndGlobalSection
EndGlobal
